
Microsoft Visual Studio Solution File, Format Version 12.00
# Visual Studio Version 16
VisualStudioVersion = 16.0.30503.244
MinimumVisualStudioVersion = 10.0.40219.1
Project("{FAE04EC0-301F-11D3-BF4B-00C04F79EFBC}") = "DatingApp.WebApp", "DatingApp.WebApp\DatingApp.WebApp.csproj", "{5032D675-0CC5-4C7D-AC71-AD374785EFC8}"
EndProject
Global
	GlobalSection(SolutionConfigurationPlatforms) = preSolution
		Debug|Any CPU = Debug|Any CPU
		Release|Any CPU = Release|Any CPU
	EndGlobalSection
	GlobalSection(ProjectConfigurationPlatforms) = postSolution
		{5032D675-0CC5-4C7D-AC71-AD374785EFC8}.Debug|Any CPU.ActiveCfg = Debug|Any CPU
		{5032D675-0CC5-4C7D-AC71-AD374785EFC8}.Debug|Any CPU.Build.0 = Debug|Any CPU
		{5032D675-0CC5-4C7D-AC71-AD374785EFC8}.Release|Any CPU.ActiveCfg = Release|Any CPU
		{5032D675-0CC5-4C7D-AC71-AD374785EFC8}.Release|Any CPU.Build.0 = Release|Any CPU
	EndGlobalSection
	GlobalSection(SolutionProperties) = preSolution
		HideSolutionNode = FALSE
	EndGlobalSection
	GlobalSection(ExtensibilityGlobals) = postSolution
		SolutionGuid = {0F7AB89B-4976-4CA5-B409-B2B2455FB269}
	EndGlobalSection
EndGlobal
